
Microsoft Visual Studio Solution File, Format Version 12.00
# Visual Studio Version 17
VisualStudioVersion = 17.5.002.0
MinimumVisualStudioVersion = 10.0.40219.1
Project("{9A19103F-16F7-4668-BE54-9A1E7A4F7556}") = "UmbracoCourse", "UmbracoCourse.csproj", "{DC0C5CA8-9795-49AC-ACBC-1C5B69DC10E2}"
EndProject
Project("{FAE04EC0-301F-11D3-BF4B-00C04F79EFBC}") = "BusinessNordics.core", "..\BusinessNordics.core\BusinessNordics.core.csproj", "{752226A2-90C9-44A7-B61B-DC38CB00B40E}"
EndProject
Global
	GlobalSection(SolutionConfigurationPlatforms) = preSolution
		Debug|Any CPU = Debug|Any CPU
		Release|Any CPU = Release|Any CPU
	EndGlobalSection
	GlobalSection(ProjectConfigurationPlatforms) = postSolution
		{DC0C5CA8-9795-49AC-ACBC-1C5B69DC10E2}.Debug|Any CPU.ActiveCfg = Debug|Any CPU
		{DC0C5CA8-9795-49AC-ACBC-1C5B69DC10E2}.Debug|Any CPU.Build.0 = Debug|Any CPU
		{DC0C5CA8-9795-49AC-ACBC-1C5B69DC10E2}.Release|Any CPU.ActiveCfg = Release|Any CPU
		{DC0C5CA8-9795-49AC-ACBC-1C5B69DC10E2}.Release|Any CPU.Build.0 = Release|Any CPU
		{752226A2-90C9-44A7-B61B-DC38CB00B40E}.Debug|Any CPU.ActiveCfg = Debug|Any CPU
		{752226A2-90C9-44A7-B61B-DC38CB00B40E}.Debug|Any CPU.Build.0 = Debug|Any CPU
		{752226A2-90C9-44A7-B61B-DC38CB00B40E}.Release|Any CPU.ActiveCfg = Release|Any CPU
		{752226A2-90C9-44A7-B61B-DC38CB00B40E}.Release|Any CPU.Build.0 = Release|Any CPU
	EndGlobalSection
	GlobalSection(SolutionProperties) = preSolution
		HideSolutionNode = FALSE
	EndGlobalSection
	GlobalSection(ExtensibilityGlobals) = postSolution
		SolutionGuid = {B4CB00B1-2F37-493D-BE07-8B2379400061}
	EndGlobalSection
EndGlobal
